
Microsoft Visual Studio Solution File, Format Version 11.00
# Visual Studio 2010
Project("{FAE04EC0-301F-11D3-BF4B-00C04F79EFBC}") = "Ferreteria1", "Ferreteria1\Ferreteria1.csproj", "{B134A5DD-E676-48FB-98B2-6F6463723C93}"
EndProject
Project("{FAE04EC0-301F-11D3-BF4B-00C04F79EFBC}") = "Negocio", "Negocio\Negocio.csproj", "{44D46747-B966-4052-B507-314AA0DA16C3}"
EndProject
Project("{FAE04EC0-301F-11D3-BF4B-00C04F79EFBC}") = "Entidades", "Entidades\Entidades.csproj", "{4259A025-358C-41AE-970D-97823764956C}"
EndProject
Project("{FAE04EC0-301F-11D3-BF4B-00C04F79EFBC}") = "Controlador", "Controlador\Controlador.csproj", "{2F54EF63-D2D2-4588-A96C-D540647442F0}"
EndProject
Global
	GlobalSection(SolutionConfigurationPlatforms) = preSolution
		Debug|Any CPU = Debug|Any CPU
		Release|Any CPU = Release|Any CPU
	EndGlobalSection
	GlobalSection(ProjectConfigurationPlatforms) = postSolution
		{B134A5DD-E676-48FB-98B2-6F6463723C93}.Debug|Any CPU.ActiveCfg = Debug|Any CPU
		{B134A5DD-E676-48FB-98B2-6F6463723C93}.Debug|Any CPU.Build.0 = Debug|Any CPU
		{B134A5DD-E676-48FB-98B2-6F6463723C93}.Release|Any CPU.ActiveCfg = Release|Any CPU
		{B134A5DD-E676-48FB-98B2-6F6463723C93}.Release|Any CPU.Build.0 = Release|Any CPU
		{44D46747-B966-4052-B507-314AA0DA16C3}.Debug|Any CPU.ActiveCfg = Debug|Any CPU
		{44D46747-B966-4052-B507-314AA0DA16C3}.Debug|Any CPU.Build.0 = Debug|Any CPU
		{44D46747-B966-4052-B507-314AA0DA16C3}.Release|Any CPU.ActiveCfg = Release|Any CPU
		{44D46747-B966-4052-B507-314AA0DA16C3}.Release|Any CPU.Build.0 = Release|Any CPU
		{4259A025-358C-41AE-970D-97823764956C}.Debug|Any CPU.ActiveCfg = Debug|Any CPU
		{4259A025-358C-41AE-970D-97823764956C}.Debug|Any CPU.Build.0 = Debug|Any CPU
		{4259A025-358C-41AE-970D-97823764956C}.Release|Any CPU.ActiveCfg = Release|Any CPU
		{4259A025-358C-41AE-970D-97823764956C}.Release|Any CPU.Build.0 = Release|Any CPU
		{2F54EF63-D2D2-4588-A96C-D540647442F0}.Debug|Any CPU.ActiveCfg = Debug|Any CPU
		{2F54EF63-D2D2-4588-A96C-D540647442F0}.Debug|Any CPU.Build.0 = Debug|Any CPU
		{2F54EF63-D2D2-4588-A96C-D540647442F0}.Release|Any CPU.ActiveCfg = Release|Any CPU
		{2F54EF63-D2D2-4588-A96C-D540647442F0}.Release|Any CPU.Build.0 = Release|Any CPU
	EndGlobalSection
	GlobalSection(SolutionProperties) = preSolution
		HideSolutionNode = FALSE
	EndGlobalSection
EndGlobal
